
Microsoft Visual Studio Solution File, Format Version 12.00
# Visual Studio 15
VisualStudioVersion = 15.0.27130.2027
MinimumVisualStudioVersion = 10.0.40219.1
Project("{2150E333-8FDC-42A3-9474-1A3956D46DE8}") = "Interface", "Interface", "{EEFD54FC-70F9-4D38-9F15-8A67C823286D}"
EndProject
Project("{FAE04EC0-301F-11D3-BF4B-00C04F79EFBC}") = "ConfereEstoque", "ConfereEstoque\ConfereEstoque\ConfereEstoque.csproj", "{2D467177-E43E-4B47-8282-ECAAB2FD81B6}"
EndProject
Global
	GlobalSection(SolutionConfigurationPlatforms) = preSolution
		Debug|Any CPU = Debug|Any CPU
		Release|Any CPU = Release|Any CPU
	EndGlobalSection
	GlobalSection(ProjectConfigurationPlatforms) = postSolution
		{2D467177-E43E-4B47-8282-ECAAB2FD81B6}.Debug|Any CPU.ActiveCfg = Debug|Any CPU
		{2D467177-E43E-4B47-8282-ECAAB2FD81B6}.Debug|Any CPU.Build.0 = Debug|Any CPU
		{2D467177-E43E-4B47-8282-ECAAB2FD81B6}.Release|Any CPU.ActiveCfg = Release|Any CPU
		{2D467177-E43E-4B47-8282-ECAAB2FD81B6}.Release|Any CPU.Build.0 = Release|Any CPU
	EndGlobalSection
	GlobalSection(SolutionProperties) = preSolution
		HideSolutionNode = FALSE
	EndGlobalSection
	GlobalSection(NestedProjects) = preSolution
		{2D467177-E43E-4B47-8282-ECAAB2FD81B6} = {EEFD54FC-70F9-4D38-9F15-8A67C823286D}
	EndGlobalSection
	GlobalSection(ExtensibilityGlobals) = postSolution
		SolutionGuid = {34E9FCF2-50C2-4898-9F67-9ABFDC20E5FC}
	EndGlobalSection
EndGlobal
